
Microsoft Visual Studio Solution File, Format Version 12.00
# Visual Studio Version 17
VisualStudioVersion = 17.10.35004.147
MinimumVisualStudioVersion = 10.0.40219.1
Project("{FAE04EC0-301F-11D3-BF4B-00C04F79EFBC}") = "ProductCat", "ProductCat\ProductCat.csproj", "{61246BA4-F3E0-4496-AE4F-BA87D5D8AD93}"
EndProject
Global
	GlobalSection(SolutionConfigurationPlatforms) = preSolution
		Debug|Any CPU = Debug|Any CPU
		Release|Any CPU = Release|Any CPU
	EndGlobalSection
	GlobalSection(ProjectConfigurationPlatforms) = postSolution
		{61246BA4-F3E0-4496-AE4F-BA87D5D8AD93}.Debug|Any CPU.ActiveCfg = Debug|Any CPU
		{61246BA4-F3E0-4496-AE4F-BA87D5D8AD93}.Debug|Any CPU.Build.0 = Debug|Any CPU
		{61246BA4-F3E0-4496-AE4F-BA87D5D8AD93}.Release|Any CPU.ActiveCfg = Release|Any CPU
		{61246BA4-F3E0-4496-AE4F-BA87D5D8AD93}.Release|Any CPU.Build.0 = Release|Any CPU
	EndGlobalSection
	GlobalSection(SolutionProperties) = preSolution
		HideSolutionNode = FALSE
	EndGlobalSection
	GlobalSection(ExtensibilityGlobals) = postSolution
		SolutionGuid = {C282F60D-B960-4703-8454-5EBB513C66B6}
	EndGlobalSection
EndGlobal
